// !$*UTF8*$!
{
	archiveVersion = 1;
	classes = {
	};
	objectVersion = 56;
	objects = {

/* Begin PBXBuildFile section */
		3C1DFBD52BE8E26800B7E5EC /* CameraPermission.swift in Sources */ = {isa = PBXBuildFile; fileRef = 3C1DFBD42BE8E26800B7E5EC /* CameraPermission.swift */; };
		3C1DFBD72BE8E51900B7E5EC /* UIKitCamera.swift in Sources */ = {isa = PBXBuildFile; fileRef = 3C1DFBD62BE8E51900B7E5EC /* UIKitCamera.swift */; };
		3C1DFBD92BE8EEFD00B7E5EC /* ZoomableScrollView.swift in Sources */ = {isa = PBXBuildFile; fileRef = 3C1DFBD82BE8EEFD00B7E5EC /* ZoomableScrollView.swift */; };
		3CE10B032BE0E8C000F1C633 /* iPhotosApp.swift in Sources */ = {isa = PBXBuildFile; fileRef = 3CE10B022BE0E8C000F1C633 /* iPhotosApp.swift */; };
		3CE10B052BE0E8C000F1C633 /* PhotosListView.swift in Sources */ = {isa = PBXBuildFile; fileRef = 3CE10B042BE0E8C000F1C633 /* PhotosListView.swift */; };
		3CE10B072BE0E8C100F1C633 /* Assets.xcassets in Resources */ = {isa = PBXBuildFile; fileRef = 3CE10B062BE0E8C100F1C633 /* Assets.xcassets */; };
		3CE10B0A2BE0E8C100F1C633 /* Preview Assets.xcassets in Resources */ = {isa = PBXBuildFile; fileRef = 3CE10B092BE0E8C100F1C633 /* Preview Assets.xcassets */; };
		3CE10B122BE0E9B700F1C633 /* SampleModel.swift in Sources */ = {isa = PBXBuildFile; fileRef = 3CE10B112BE0E9B700F1C633 /* SampleModel.swift */; };
		3CE10B142BE0EACD00F1C633 /* Constants.swift in Sources */ = {isa = PBXBuildFile; fileRef = 3CE10B132BE0EACD00F1C633 /* Constants.swift */; };
		3CE10B172BE0F05F00F1C633 /* SampleView.swift in Sources */ = {isa = PBXBuildFile; fileRef = 3CE10B162BE0F05F00F1C633 /* SampleView.swift */; };
		3CE10B192BE0F75A00F1C633 /* UpdateEditFormViewModel.swift in Sources */ = {isa = PBXBuildFile; fileRef = 3CE10B182BE0F75A00F1C633 /* UpdateEditFormViewModel.swift */; };
		3CE10B1B2BE0F97100F1C633 /* UpdateEditFormView.swift in Sources */ = {isa = PBXBuildFile; fileRef = 3CE10B1A2BE0F97100F1C633 /* UpdateEditFormView.swift */; };
		3CE10B1D2BE0FBA200F1C633 /* ImagePicker.swift in Sources */ = {isa = PBXBuildFile; fileRef = 3CE10B1C2BE0FBA200F1C633 /* ImagePicker.swift */; };
		3CE10B1F2BE0FFC800F1C633 /* ModelFormType.swift in Sources */ = {isa = PBXBuildFile; fileRef = 3CE10B1E2BE0FFC700F1C633 /* ModelFormType.swift */; };
/* End PBXBuildFile section */

/* Begin PBXFileReference section */
		3C1DFBD42BE8E26800B7E5EC /* CameraPermission.swift */ = {isa = PBXFileReference; lastKnownFileType = sourcecode.swift; path = CameraPermission.swift; sourceTree = "<group>"; };
		3C1DFBD62BE8E51900B7E5EC /* UIKitCamera.swift */ = {isa = PBXFileReference; lastKnownFileType = sourcecode.swift; path = UIKitCamera.swift; sourceTree = "<group>"; };
		3C1DFBD82BE8EEFD00B7E5EC /* ZoomableScrollView.swift */ = {isa = PBXFileReference; fileEncoding = 4; lastKnownFileType = sourcecode.swift; path = ZoomableScrollView.swift; sourceTree = "<group>"; };
		3CE10AFF2BE0E8C000F1C633 /* iPhotos.app */ = {isa = PBXFileReference; explicitFileType = wrapper.application; includeInIndex = 0; path = iPhotos.app; sourceTree = BUILT_PRODUCTS_DIR; };
		3CE10B022BE0E8C000F1C633 /* iPhotosApp.swift */ = {isa = PBXFileReference; lastKnownFileType = sourcecode.swift; path = iPhotosApp.swift; sourceTree = "<group>"; };
		3CE10B042BE0E8C000F1C633 /* PhotosListView.swift */ = {isa = PBXFileReference; lastKnownFileType = sourcecode.swift; path = PhotosListView.swift; sourceTree = "<group>"; };
		3CE10B062BE0E8C100F1C633 /* Assets.xcassets */ = {isa = PBXFileReference; lastKnownFileType = folder.assetcatalog; path = Assets.xcassets; sourceTree = "<group>"; };
		3CE10B092BE0E8C100F1C633 /* Preview Assets.xcassets */ = {isa = PBXFileReference; lastKnownFileType = folder.assetcatalog; path = "Preview Assets.xcassets"; sourceTree = "<group>"; };
		3CE10B112BE0E9B700F1C633 /* SampleModel.swift */ = {isa = PBXFileReference; lastKnownFileType = sourcecode.swift; path = SampleModel.swift; sourceTree = "<group>"; };
		3CE10B132BE0EACD00F1C633 /* Constants.swift */ = {isa = PBXFileReference; lastKnownFileType = sourcecode.swift; path = Constants.swift; sourceTree = "<group>"; };
		3CE10B162BE0F05F00F1C633 /* SampleView.swift */ = {isa = PBXFileReference; lastKnownFileType = sourcecode.swift; path = SampleView.swift; sourceTree = "<group>"; };
		3CE10B182BE0F75A00F1C633 /* UpdateEditFormViewModel.swift */ = {isa = PBXFileReference; lastKnownFileType = sourcecode.swift; path = UpdateEditFormViewModel.swift; sourceTree = "<group>"; };
		3CE10B1A2BE0F97100F1C633 /* UpdateEditFormView.swift */ = {isa = PBXFileReference; lastKnownFileType = sourcecode.swift; path = UpdateEditFormView.swift; sourceTree = "<group>"; };
		3CE10B1C2BE0FBA200F1C633 /* ImagePicker.swift */ = {isa = PBXFileReference; fileEncoding = 4; lastKnownFileType = sourcecode.swift; path = ImagePicker.swift; sourceTree = "<group>"; };
		3CE10B1E2BE0FFC700F1C633 /* ModelFormType.swift */ = {isa = PBXFileReference; lastKnownFileType = sourcecode.swift; path = ModelFormType.swift; sourceTree = "<group>"; };
/* End PBXFileReference section */

/* Begin PBXFrameworksBuildPhase section */
		3CE10AFC2BE0E8C000F1C633 /* Frameworks */ = {
			isa = PBXFrameworksBuildPhase;
			buildActionMask = 2147483647;
			files = (
			);
			runOnlyForDeploymentPostprocessing = 0;
		};
/* End PBXFrameworksBuildPhase section */

/* Begin PBXGroup section */
		3CE10AF62BE0E8C000F1C633 = {
			isa = PBXGroup;
			children = (
				3CE10B012BE0E8C000F1C633 /* iPhotos */,
				3CE10B002BE0E8C000F1C633 /* Products */,
			);
			sourceTree = "<group>";
		};
		3CE10B002BE0E8C000F1C633 /* Products */ = {
			isa = PBXGroup;
			children = (
				3CE10AFF2BE0E8C000F1C633 /* iPhotos.app */,
			);
			name = Products;
			sourceTree = "<group>";
		};
		3CE10B012BE0E8C000F1C633 /* iPhotos */ = {
			isa = PBXGroup;
			children = (
				3CE10B022BE0E8C000F1C633 /* iPhotosApp.swift */,
				3CE10B152BE0ECC200F1C633 /* Views */,
				3CE10B102BE0E9A300F1C633 /* Model */,
				3CE10B062BE0E8C100F1C633 /* Assets.xcassets */,
				3CE10B082BE0E8C100F1C633 /* Preview Content */,
			);
			path = iPhotos;
			sourceTree = "<group>";
		};
		3CE10B082BE0E8C100F1C633 /* Preview Content */ = {
			isa = PBXGroup;
			children = (
				3CE10B092BE0E8C100F1C633 /* Preview Assets.xcassets */,
			);
			path = "Preview Content";
			sourceTree = "<group>";
		};
		3CE10B102BE0E9A300F1C633 /* Model */ = {
			isa = PBXGroup;
			children = (
				3CE10B112BE0E9B700F1C633 /* SampleModel.swift */,
				3CE10B182BE0F75A00F1C633 /* UpdateEditFormViewModel.swift */,
				3CE10B1E2BE0FFC700F1C633 /* ModelFormType.swift */,
				3CE10B132BE0EACD00F1C633 /* Constants.swift */,
				3CE10B1C2BE0FBA200F1C633 /* ImagePicker.swift */,
				3C1DFBD42BE8E26800B7E5EC /* CameraPermission.swift */,
				3C1DFBD62BE8E51900B7E5EC /* UIKitCamera.swift */,
				3C1DFBD82BE8EEFD00B7E5EC /* ZoomableScrollView.swift */,
			);
			name = Model;
			sourceTree = "<group>";
		};
		3CE10B152BE0ECC200F1C633 /* Views */ = {
			isa = PBXGroup;
			children = (
				3CE10B042BE0E8C000F1C633 /* PhotosListView.swift */,
				3CE10B162BE0F05F00F1C633 /* SampleView.swift */,
				3CE10B1A2BE0F97100F1C633 /* UpdateEditFormView.swift */,
			);
			name = Views;
			sourceTree = "<group>";
		};
/* End PBXGroup section */

/* Begin PBXNativeTarget section */
		3CE10AFE2BE0E8C000F1C633 /* iPhotos */ = {
			isa = PBXNativeTarget;
			buildConfigurationList = 3CE10B0D2BE0E8C100F1C633 /* Build configuration list for PBXNativeTarget "iPhotos" */;
			buildPhases = (
				3CE10AFB2BE0E8C000F1C633 /* Sources */,
				3CE10AFC2BE0E8C000F1C633 /* Frameworks */,
				3CE10AFD2BE0E8C000F1C633 /* Resources */,
			);
			buildRules = (
			);
			dependencies = (
			);
			name = iPhotos;
			productName = iPhotos;
			productReference = 3CE10AFF2BE0E8C000F1C633 /* iPhotos.app */;
			productType = "com.apple.product-type.application";
		};
/* End PBXNativeTarget section */

/* Begin PBXProject section */
		3CE10AF72BE0E8C000F1C633 /* Project object */ = {
			isa = PBXProject;
			attributes = {
				BuildIndependentTargetsInParallel = 1;
				LastSwiftUpdateCheck = 1530;
				LastUpgradeCheck = 1530;
				TargetAttributes = {
					3CE10AFE2BE0E8C000F1C633 = {
						CreatedOnToolsVersion = 15.3;
					};
				};
			};
			buildConfigurationList = 3CE10AFA2BE0E8C000F1C633 /* Build configuration list for PBXProject "iPhotos" */;
			compatibilityVersion = "Xcode 14.0";
			developmentRegion = en;
			hasScannedForEncodings = 0;
			knownRegions = (
				en,
				Base,
			);
			mainGroup = 3CE10AF62BE0E8C000F1C633;
			productRefGroup = 3CE10B002BE0E8C000F1C633 /* Products */;
			projectDirPath = "";
			projectRoot = "";
			targets = (
				3CE10AFE2BE0E8C000F1C633 /* iPhotos */,
			);
		};
/* End PBXProject section */

/* Begin PBXResourcesBuildPhase section */
		3CE10AFD2BE0E8C000F1C633 /* Resources */ = {
			isa = PBXResourcesBuildPhase;
			buildActionMask = 2147483647;
			files = (
				3CE10B0A2BE0E8C100F1C633 /* Preview Assets.xcassets in Resources */,
				3CE10B072BE0E8C100F1C633 /* Assets.xcassets in Resources */,
			);
			runOnlyForDeploymentPostprocessing = 0;
		};
/* End PBXResourcesBuildPhase section */

/* Begin PBXSourcesBuildPhase section */
		3CE10AFB2BE0E8C000F1C633 /* Sources */ = {
			isa = PBXSourcesBuildPhase;
			buildActionMask = 2147483647;
			files = (
				3CE10B1B2BE0F97100F1C633 /* UpdateEditFormView.swift in Sources */,
				3C1DFBD72BE8E51900B7E5EC /* UIKitCamera.swift in Sources */,
				3CE10B172BE0F05F00F1C633 /* SampleView.swift in Sources */,
				3CE10B052BE0E8C000F1C633 /* PhotosListView.swift in Sources */,
				3CE10B192BE0F75A00F1C633 /* UpdateEditFormViewModel.swift in Sources */,
				3CE10B1F2BE0FFC800F1C633 /* ModelFormType.swift in Sources */,
				3CE10B122BE0E9B700F1C633 /* SampleModel.swift in Sources */,
				3CE10B1D2BE0FBA200F1C633 /* ImagePicker.swift in Sources */,
				3C1DFBD52BE8E26800B7E5EC /* CameraPermission.swift in Sources */,
				3CE10B032BE0E8C000F1C633 /* iPhotosApp.swift in Sources */,
				3C1DFBD92BE8EEFD00B7E5EC /* ZoomableScrollView.swift in Sources */,
				3CE10B142BE0EACD00F1C633 /* Constants.swift in Sources */,
			);
			runOnlyForDeploymentPostprocessing = 0;
		};
/* End PBXSourcesBuildPhase section */

/* Begin XCBuildConfiguration section */
		3CE10B0B2BE0E8C100F1C633 /* Debug */ = {
			isa = XCBuildConfiguration;
			buildSettings = {
				ALWAYS_SEARCH_USER_PATHS = NO;
				ASSETCATALOG_COMPILER_GENERATE_SWIFT_ASSET_SYMBOL_EXTENSIONS = YES;
				CLANG_ANALYZER_NONNULL = YES;
				CLANG_ANALYZER_NUMBER_OBJECT_CONVERSION = YES_AGGRESSIVE;
				CLANG_CXX_LANGUAGE_STANDARD = "gnu++20";
				CLANG_ENABLE_MODULES = YES;
				CLANG_ENABLE_OBJC_ARC = YES;
				CLANG_ENABLE_OBJC_WEAK = YES;
				CLANG_WARN_BLOCK_CAPTURE_AUTORELEASING = YES;
				CLANG_WARN_BOOL_CONVERSION = YES;
				CLANG_WARN_COMMA = YES;
				CLANG_WARN_CONSTANT_CONVERSION = YES;
				CLANG_WARN_DEPRECATED_OBJC_IMPLEMENTATIONS = YES;
				CLANG_WARN_DIRECT_OBJC_ISA_USAGE = YES_ERROR;
				CLANG_WARN_DOCUMENTATION_COMMENTS = YES;
				CLANG_WARN_EMPTY_BODY = YES;
				CLANG_WARN_ENUM_CONVERSION = YES;
				CLANG_WARN_INFINITE_RECURSION = YES;
				CLANG_WARN_INT_CONVERSION = YES;
				CLANG_WARN_NON_LITERAL_NULL_CONVERSION = YES;
				CLANG_WARN_OBJC_IMPLICIT_RETAIN_SELF = YES;
				CLANG_WARN_OBJC_LITERAL_CONVERSION = YES;
				CLANG_WARN_OBJC_ROOT_CLASS = YES_ERROR;
				CLANG_WARN_QUOTED_INCLUDE_IN_FRAMEWORK_HEADER = YES;
				CLANG_WARN_RANGE_LOOP_ANALYSIS = YES;
				CLANG_WARN_STRICT_PROTOTYPES = YES;
				CLANG_WARN_SUSPICIOUS_MOVE = YES;
				CLANG_WARN_UNGUARDED_AVAILABILITY = YES_AGGRESSIVE;
				CLANG_WARN_UNREACHABLE_CODE = YES;
				CLANG_WARN__DUPLICATE_METHOD_MATCH = YES;
				COPY_PHASE_STRIP = NO;
				DEBUG_INFORMATION_FORMAT = dwarf;
				ENABLE_STRICT_OBJC_MSGSEND = YES;
				ENABLE_TESTABILITY = YES;
				ENABLE_USER_SCRIPT_SANDBOXING = YES;
				GCC_C_LANGUAGE_STANDARD = gnu17;
				GCC_DYNAMIC_NO_PIC = NO;
				GCC_NO_COMMON_BLOCKS = YES;
				GCC_OPTIMIZATION_LEVEL = 0;
				GCC_PREPROCESSOR_DEFINITIONS = (
					"DEBUG=1",
					"$(inherited)",
				);
				GCC_WARN_64_TO_32_BIT_CONVERSION = YES;
				GCC_WARN_ABOUT_RETURN_TYPE = YES_ERROR;
				GCC_WARN_UNDECLARED_SELECTOR = YES;
				GCC_WARN_UNINITIALIZED_AUTOS = YES_AGGRESSIVE;
				GCC_WARN_UNUSED_FUNCTION = YES;
				GCC_WARN_UNUSED_VARIABLE = YES;
				IPHONEOS_DEPLOYMENT_TARGET = 17.4;
				LOCALIZATION_PREFERS_STRING_CATALOGS = YES;
				MTL_ENABLE_DEBUG_INFO = INCLUDE_SOURCE;
				MTL_FAST_MATH = YES;
				ONLY_ACTIVE_ARCH = YES;
				SDKROOT = iphoneos;
				SWIFT_ACTIVE_COMPILATION_CONDITIONS = "DEBUG $(inherited)";
				SWIFT_OPTIMIZATION_LEVEL = "-Onone";
			};
			name = Debug;
		};
		3CE10B0C2BE0E8C100F1C633 /* Release */ = {
			isa = XCBuildConfiguration;
			buildSettings = {
				ALWAYS_SEARCH_USER_PATHS = NO;
				ASSETCATALOG_COMPILER_GENERATE_SWIFT_ASSET_SYMBOL_EXTENSIONS = YES;
				CLANG_ANALYZER_NONNULL = YES;
				CLANG_ANALYZER_NUMBER_OBJECT_CONVERSION = YES_AGGRESSIVE;
				CLANG_CXX_LANGUAGE_STANDARD = "gnu++20";
				CLANG_ENABLE_MODULES = YES;
				CLANG_ENABLE_OBJC_ARC = YES;
				CLANG_ENABLE_OBJC_WEAK = YES;
				CLANG_WARN_BLOCK_CAPTURE_AUTORELEASING = YES;
				CLANG_WARN_BOOL_CONVERSION = YES;
				CLANG_WARN_COMMA = YES;
				CLANG_WARN_CONSTANT_CONVERSION = YES;
				CLANG_WARN_DEPRECATED_OBJC_IMPLEMENTATIONS = YES;
				CLANG_WARN_DIRECT_OBJC_ISA_USAGE = YES_ERROR;
				CLANG_WARN_DOCUMENTATION_COMMENTS = YES;
				CLANG_WARN_EMPTY_BODY = YES;
				CLANG_WARN_ENUM_CONVERSION = YES;
				CLANG_WARN_INFINITE_RECURSION = YES;
				CLANG_WARN_INT_CONVERSION = YES;
				CLANG_WARN_NON_LITERAL_NULL_CONVERSION = YES;
				CLANG_WARN_OBJC_IMPLICIT_RETAIN_SELF = YES;
				CLANG_WARN_OBJC_LITERAL_CONVERSION = YES;
				CLANG_WARN_OBJC_ROOT_CLASS = YES_ERROR;
				CLANG_WARN_QUOTED_INCLUDE_IN_FRAMEWORK_HEADER = YES;
				CLANG_WARN_RANGE_LOOP_ANALYSIS = YES;
				CLANG_WARN_STRICT_PROTOTYPES = YES;
				CLANG_WARN_SUSPICIOUS_MOVE = YES;
				CLANG_WARN_UNGUARDED_AVAILABILITY = YES_AGGRESSIVE;
				CLANG_WARN_UNREACHABLE_CODE = YES;
				CLANG_WARN__DUPLICATE_METHOD_MATCH = YES;
				COPY_PHASE_STRIP = NO;
				DEBUG_INFORMATION_FORMAT = "dwarf-with-dsym";
				ENABLE_NS_ASSERTIONS = NO;
				ENABLE_STRICT_OBJC_MSGSEND = YES;
				ENABLE_USER_SCRIPT_SANDBOXING = YES;
				GCC_C_LANGUAGE_STANDARD = gnu17;
				GCC_NO_COMMON_BLOCKS = YES;
				GCC_WARN_64_TO_32_BIT_CONVERSION = YES;
				GCC_WARN_ABOUT_RETURN_TYPE = YES_ERROR;
				GCC_WARN_UNDECLARED_SELECTOR = YES;
				GCC_WARN_UNINITIALIZED_AUTOS = YES_AGGRESSIVE;
				GCC_WARN_UNUSED_FUNCTION = YES;
				GCC_WARN_UNUSED_VARIABLE = YES;
				IPHONEOS_DEPLOYMENT_TARGET = 17.4;
				LOCALIZATION_PREFERS_STRING_CATALOGS = YES;
				MTL_ENABLE_DEBUG_INFO = NO;
				MTL_FAST_MATH = YES;
				SDKROOT = iphoneos;
				SWIFT_COMPILATION_MODE = wholemodule;
				VALIDATE_PRODUCT = YES;
			};
			name = Release;
		};
		3CE10B0E2BE0E8C100F1C633 /* Debug */ = {
			isa = XCBuildConfiguration;
			buildSettings = {
				ASSETCATALOG_COMPILER_APPICON_NAME = AppIcon;
				ASSETCATALOG_COMPILER_GLOBAL_ACCENT_COLOR_NAME = AccentColor;
				CODE_SIGN_STYLE = Automatic;
				CURRENT_PROJECT_VERSION = 1;
				DEVELOPMENT_ASSET_PATHS = "\"iPhotos/Preview Content\"";
				DEVELOPMENT_TEAM = K62327QFK2;
				ENABLE_PREVIEWS = YES;
				GENERATE_INFOPLIST_FILE = YES;
				INFOPLIST_KEY_NSCameraUsageDescription = "Permission required to take photos with camera";
				INFOPLIST_KEY_UIApplicationSceneManifest_Generation = YES;
				INFOPLIST_KEY_UIApplicationSupportsIndirectInputEvents = YES;
				INFOPLIST_KEY_UILaunchScreen_Generation = YES;
				INFOPLIST_KEY_UISupportedInterfaceOrientations_iPad = "UIInterfaceOrientationPortrait UIInterfaceOrientationPortraitUpsideDown UIInterfaceOrientationLandscapeLeft UIInterfaceOrientationLandscapeRight";
				INFOPLIST_KEY_UISupportedInterfaceOrientations_iPhone = "UIInterfaceOrientationPortrait UIInterfaceOrientationLandscapeLeft UIInterfaceOrientationLandscapeRight";
				LD_RUNPATH_SEARCH_PATHS = (
					"$(inherited)",
					"@executable_path/Frameworks",
				);
				MARKETING_VERSION = 1.0;
				PRODUCT_BUNDLE_IDENTIFIER = com.yerycastro.iPhotos;
				PRODUCT_NAME = "$(TARGET_NAME)";
				SWIFT_EMIT_LOC_STRINGS = YES;
				SWIFT_VERSION = 5.0;
				TARGETED_DEVICE_FAMILY = "1,2";
			};
			name = Debug;
		};
		3CE10B0F2BE0E8C100F1C633 /* Release */ = {
			isa = XCBuildConfiguration;
			buildSettings = {
				ASSETCATALOG_COMPILER_APPICON_NAME = AppIcon;
				ASSETCATALOG_COMPILER_GLOBAL_ACCENT_COLOR_NAME = AccentColor;
				CODE_SIGN_STYLE = Automatic;
				CURRENT_PROJECT_VERSION = 1;
				DEVELOPMENT_ASSET_PATHS = "\"iPhotos/Preview Content\"";
				DEVELOPMENT_TEAM = K62327QFK2;
				ENABLE_PREVIEWS = YES;
				GENERATE_INFOPLIST_FILE = YES;
				INFOPLIST_KEY_NSCameraUsageDescription = "Permission required to take photos with camera";
				INFOPLIST_KEY_UIApplicationSceneManifest_Generation = YES;
				INFOPLIST_KEY_UIApplicationSupportsIndirectInputEvents = YES;
				INFOPLIST_KEY_UILaunchScreen_Generation = YES;
				INFOPLIST_KEY_UISupportedInterfaceOrientations_iPad = "UIInterfaceOrientationPortrait UIInterfaceOrientationPortraitUpsideDown UIInterfaceOrientationLandscapeLeft UIInterfaceOrientationLandscapeRight";
				INFOPLIST_KEY_UISupportedInterfaceOrientations_iPhone = "UIInterfaceOrientationPortrait UIInterfaceOrientationLandscapeLeft UIInterfaceOrientationLandscapeRight";
				LD_RUNPATH_SEARCH_PATHS = (
					"$(inherited)",
					"@executable_path/Frameworks",
				);
				MARKETING_VERSION = 1.0;
				PRODUCT_BUNDLE_IDENTIFIER = com.yerycastro.iPhotos;
				PRODUCT_NAME = "$(TARGET_NAME)";
				SWIFT_EMIT_LOC_STRINGS = YES;
				SWIFT_VERSION = 5.0;
				TARGETED_DEVICE_FAMILY = "1,2";
			};
			name = Release;
		};
/* End XCBuildConfiguration section */

/* Begin XCConfigurationList section */
		3CE10AFA2BE0E8C000F1C633 /* Build configuration list for PBXProject "iPhotos" */ = {
			isa = XCConfigurationList;
			buildConfigurations = (
				3CE10B0B2BE0E8C100F1C633 /* Debug */,
				3CE10B0C2BE0E8C100F1C633 /* Release */,
			);
			defaultConfigurationIsVisible = 0;
			defaultConfigurationName = Release;
		};
		3CE10B0D2BE0E8C100F1C633 /* Build configuration list for PBXNativeTarget "iPhotos" */ = {
			isa = XCConfigurationList;
			buildConfigurations = (
				3CE10B0E2BE0E8C100F1C633 /* Debug */,
				3CE10B0F2BE0E8C100F1C633 /* Release */,
			);
			defaultConfigurationIsVisible = 0;
			defaultConfigurationName = Release;
		};
/* End XCConfigurationList section */
	};
	rootObject = 3CE10AF72BE0E8C000F1C633 /* Project object */;
}
